
Microsoft Visual Studio Solution File, Format Version 12.00
# Visual Studio Version 17
VisualStudioVersion = 17.7.34018.315
MinimumVisualStudioVersion = 10.0.40219.1
Project("{FAE04EC0-301F-11D3-BF4B-00C04F79EFBC}") = "Nøsted Service Pro", "Nøsted Service Pro.csproj", "{B9A515C7-B97D-4A52-9B62-80FCD153AC0B}"
EndProject
Global
	GlobalSection(SolutionConfigurationPlatforms) = preSolution
		Debug|Any CPU = Debug|Any CPU
		Release|Any CPU = Release|Any CPU
	EndGlobalSection
	GlobalSection(ProjectConfigurationPlatforms) = postSolution
		{B9A515C7-B97D-4A52-9B62-80FCD153AC0B}.Debug|Any CPU.ActiveCfg = Debug|Any CPU
		{B9A515C7-B97D-4A52-9B62-80FCD153AC0B}.Debug|Any CPU.Build.0 = Debug|Any CPU
		{B9A515C7-B97D-4A52-9B62-80FCD153AC0B}.Release|Any CPU.ActiveCfg = Release|Any CPU
		{B9A515C7-B97D-4A52-9B62-80FCD153AC0B}.Release|Any CPU.Build.0 = Release|Any CPU
	EndGlobalSection
	GlobalSection(SolutionProperties) = preSolution
		HideSolutionNode = FALSE
	EndGlobalSection
	GlobalSection(ExtensibilityGlobals) = postSolution
		SolutionGuid = {A41FEA2F-B0C6-42D6-8D99-B7B44BB3D968}
	EndGlobalSection
EndGlobal
